// !$*UTF8*$!
{
	archiveVersion = 1;
	classes = {
	};
	objectVersion = 50;
	objects = {

/* Begin PBXBuildFile section */
		746FEDD826A2E38800960AD9 /* InfiniteScrollApp.swift in Sources */ = {isa = PBXBuildFile; fileRef = 746FEDD726A2E38800960AD9 /* InfiniteScrollApp.swift */; };
		746FEDDA26A2E38800960AD9 /* ContentView.swift in Sources */ = {isa = PBXBuildFile; fileRef = 746FEDD926A2E38800960AD9 /* ContentView.swift */; };
		746FEDDC26A2E38900960AD9 /* Assets.xcassets in Resources */ = {isa = PBXBuildFile; fileRef = 746FEDDB26A2E38900960AD9 /* Assets.xcassets */; };
		746FEDDF26A2E38900960AD9 /* Preview Assets.xcassets in Resources */ = {isa = PBXBuildFile; fileRef = 746FEDDE26A2E38900960AD9 /* Preview Assets.xcassets */; };
		746FEDE726A2E3B400960AD9 /* Floating.swift in Sources */ = {isa = PBXBuildFile; fileRef = 746FEDE626A2E3B400960AD9 /* Floating.swift */; };
/* End PBXBuildFile section */

/* Begin PBXFileReference section */
		746FEDD426A2E38800960AD9 /* InfiniteScroll.app */ = {isa = PBXFileReference; explicitFileType = wrapper.application; includeInIndex = 0; path = InfiniteScroll.app; sourceTree = BUILT_PRODUCTS_DIR; };
		746FEDD726A2E38800960AD9 /* InfiniteScrollApp.swift */ = {isa = PBXFileReference; lastKnownFileType = sourcecode.swift; path = InfiniteScrollApp.swift; sourceTree = "<group>"; };
		746FEDD926A2E38800960AD9 /* ContentView.swift */ = {isa = PBXFileReference; lastKnownFileType = sourcecode.swift; path = ContentView.swift; sourceTree = "<group>"; };
		746FEDDB26A2E38900960AD9 /* Assets.xcassets */ = {isa = PBXFileReference; lastKnownFileType = folder.assetcatalog; path = Assets.xcassets; sourceTree = "<group>"; };
		746FEDDE26A2E38900960AD9 /* Preview Assets.xcassets */ = {isa = PBXFileReference; lastKnownFileType = folder.assetcatalog; path = "Preview Assets.xcassets"; sourceTree = "<group>"; };
		746FEDE026A2E38900960AD9 /* Info.plist */ = {isa = PBXFileReference; lastKnownFileType = text.plist.xml; path = Info.plist; sourceTree = "<group>"; };
		746FEDE626A2E3B400960AD9 /* Floating.swift */ = {isa = PBXFileReference; fileEncoding = 4; lastKnownFileType = sourcecode.swift; path = Floating.swift; sourceTree = "<group>"; };
/* End PBXFileReference section */

/* Begin PBXFrameworksBuildPhase section */
		746FEDD126A2E38800960AD9 /* Frameworks */ = {
			isa = PBXFrameworksBuildPhase;
			buildActionMask = 2147483647;
			files = (
			);
			runOnlyForDeploymentPostprocessing = 0;
		};
/* End PBXFrameworksBuildPhase section */

/* Begin PBXGroup section */
		746FEDCB26A2E38800960AD9 = {
			isa = PBXGroup;
			children = (
				746FEDD626A2E38800960AD9 /* InfiniteScroll */,
				746FEDD526A2E38800960AD9 /* Products */,
			);
			sourceTree = "<group>";
		};
		746FEDD526A2E38800960AD9 /* Products */ = {
			isa = PBXGroup;
			children = (
				746FEDD426A2E38800960AD9 /* InfiniteScroll.app */,
			);
			name = Products;
			sourceTree = "<group>";
		};
		746FEDD626A2E38800960AD9 /* InfiniteScroll */ = {
			isa = PBXGroup;
			children = (
				746FEDD726A2E38800960AD9 /* InfiniteScrollApp.swift */,
				746FEDD926A2E38800960AD9 /* ContentView.swift */,
				746FEDE626A2E3B400960AD9 /* Floating.swift */,
				746FEDDB26A2E38900960AD9 /* Assets.xcassets */,
				746FEDE026A2E38900960AD9 /* Info.plist */,
				746FEDDD26A2E38900960AD9 /* Preview Content */,
			);
			path = InfiniteScroll;
			sourceTree = "<group>";
		};
		746FEDDD26A2E38900960AD9 /* Preview Content */ = {
			isa = PBXGroup;
			children = (
				746FEDDE26A2E38900960AD9 /* Preview Assets.xcassets */,
			);
			path = "Preview Content";
			sourceTree = "<group>";
		};
/* End PBXGroup section */

/* Begin PBXNativeTarget section */
		746FEDD326A2E38800960AD9 /* InfiniteScroll */ = {
			isa = PBXNativeTarget;
			buildConfigurationList = 746FEDE326A2E38900960AD9 /* Build configuration list for PBXNativeTarget "InfiniteScroll" */;
			buildPhases = (
				746FEDD026A2E38800960AD9 /* Sources */,
				746FEDD126A2E38800960AD9 /* Frameworks */,
				746FEDD226A2E38800960AD9 /* Resources */,
			);
			buildRules = (
			);
			dependencies = (
			);
			name = InfiniteScroll;
			productName = InfiniteScroll;
			productReference = 746FEDD426A2E38800960AD9 /* InfiniteScroll.app */;
			productType = "com.apple.product-type.application";
		};
/* End PBXNativeTarget section */

/* Begin PBXProject section */
		746FEDCC26A2E38800960AD9 /* Project object */ = {
			isa = PBXProject;
			attributes = {
				LastSwiftUpdateCheck = 1250;
				LastUpgradeCheck = 1250;
				TargetAttributes = {
					746FEDD326A2E38800960AD9 = {
						CreatedOnToolsVersion = 12.5.1;
					};
				};
			};
			buildConfigurationList = 746FEDCF26A2E38800960AD9 /* Build configuration list for PBXProject "InfiniteScroll" */;
			compatibilityVersion = "Xcode 9.3";
			developmentRegion = en;
			hasScannedForEncodings = 0;
			knownRegions = (
				en,
				Base,
			);
			mainGroup = 746FEDCB26A2E38800960AD9;
			productRefGroup = 746FEDD526A2E38800960AD9 /* Products */;
			projectDirPath = "";
			projectRoot = "";
			targets = (
				746FEDD326A2E38800960AD9 /* InfiniteScroll */,
			);
		};
/* End PBXProject section */

/* Begin PBXResourcesBuildPhase section */
		746FEDD226A2E38800960AD9 /* Resources */ = {
			isa = PBXResourcesBuildPhase;
			buildActionMask = 2147483647;
			files = (
				746FEDDF26A2E38900960AD9 /* Preview Assets.xcassets in Resources */,
				746FEDDC26A2E38900960AD9 /* Assets.xcassets in Resources */,
			);
			runOnlyForDeploymentPostprocessing = 0;
		};
/* End PBXResourcesBuildPhase section */

/* Begin PBXSourcesBuildPhase section */
		746FEDD026A2E38800960AD9 /* Sources */ = {
			isa = PBXSourcesBuildPhase;
			buildActionMask = 2147483647;
			files = (
				746FEDDA26A2E38800960AD9 /* ContentView.swift in Sources */,
				746FEDD826A2E38800960AD9 /* InfiniteScrollApp.swift in Sources */,
				746FEDE726A2E3B400960AD9 /* Floating.swift in Sources */,
			);
			runOnlyForDeploymentPostprocessing = 0;
		};
/* End PBXSourcesBuildPhase section */

/* Begin XCBuildConfiguration section */
		746FEDE126A2E38900960AD9 /* Debug */ = {
			isa = XCBuildConfiguration;
			buildSettings = {
				ALWAYS_SEARCH_USER_PATHS = NO;
				CLANG_ANALYZER_NONNULL = YES;
				CLANG_ANALYZER_NUMBER_OBJECT_CONVERSION = YES_AGGRESSIVE;
				CLANG_CXX_LANGUAGE_STANDARD = "gnu++14";
				CLANG_CXX_LIBRARY = "libc++";
				CLANG_ENABLE_MODULES = YES;
				CLANG_ENABLE_OBJC_ARC = YES;
				CLANG_ENABLE_OBJC_WEAK = YES;
				CLANG_WARN_BLOCK_CAPTURE_AUTORELEASING = YES;
				CLANG_WARN_BOOL_CONVERSION = YES;
				CLANG_WARN_COMMA = YES;
				CLANG_WARN_CONSTANT_CONVERSION = YES;
				CLANG_WARN_DEPRECATED_OBJC_IMPLEMENTATIONS = YES;
				CLANG_WARN_DIRECT_OBJC_ISA_USAGE = YES_ERROR;
				CLANG_WARN_DOCUMENTATION_COMMENTS = YES;
				CLANG_WARN_EMPTY_BODY = YES;
				CLANG_WARN_ENUM_CONVERSION = YES;
				CLANG_WARN_INFINITE_RECURSION = YES;
				CLANG_WARN_INT_CONVERSION = YES;
				CLANG_WARN_NON_LITERAL_NULL_CONVERSION = YES;
				CLANG_WARN_OBJC_IMPLICIT_RETAIN_SELF = YES;
				CLANG_WARN_OBJC_LITERAL_CONVERSION = YES;
				CLANG_WARN_OBJC_ROOT_CLASS = YES_ERROR;
				CLANG_WARN_QUOTED_INCLUDE_IN_FRAMEWORK_HEADER = YES;
				CLANG_WARN_RANGE_LOOP_ANALYSIS = YES;
				CLANG_WARN_STRICT_PROTOTYPES = YES;
				CLANG_WARN_SUSPICIOUS_MOVE = YES;
				CLANG_WARN_UNGUARDED_AVAILABILITY = YES_AGGRESSIVE;
				CLANG_WARN_UNREACHABLE_CODE = YES;
				CLANG_WARN__DUPLICATE_METHOD_MATCH = YES;
				COPY_PHASE_STRIP = NO;
				DEBUG_INFORMATION_FORMAT = dwarf;
				ENABLE_STRICT_OBJC_MSGSEND = YES;
				ENABLE_TESTABILITY = YES;
				GCC_C_LANGUAGE_STANDARD = gnu11;
				GCC_DYNAMIC_NO_PIC = NO;
				GCC_NO_COMMON_BLOCKS = YES;
				GCC_OPTIMIZATION_LEVEL = 0;
				GCC_PREPROCESSOR_DEFINITIONS = (
					"DEBUG=1",
					"$(inherited)",
				);
				GCC_WARN_64_TO_32_BIT_CONVERSION = YES;
				GCC_WARN_ABOUT_RETURN_TYPE = YES_ERROR;
				GCC_WARN_UNDECLARED_SELECTOR = YES;
				GCC_WARN_UNINITIALIZED_AUTOS = YES_AGGRESSIVE;
				GCC_WARN_UNUSED_FUNCTION = YES;
				GCC_WARN_UNUSED_VARIABLE = YES;
				IPHONEOS_DEPLOYMENT_TARGET = 14.5;
				MTL_ENABLE_DEBUG_INFO = INCLUDE_SOURCE;
				MTL_FAST_MATH = YES;
				ONLY_ACTIVE_ARCH = YES;
				SDKROOT = iphoneos;
				SWIFT_ACTIVE_COMPILATION_CONDITIONS = DEBUG;
				SWIFT_OPTIMIZATION_LEVEL = "-Onone";
			};
			name = Debug;
		};
		746FEDE226A2E38900960AD9 /* Release */ = {
			isa = XCBuildConfiguration;
			buildSettings = {
				ALWAYS_SEARCH_USER_PATHS = NO;
				CLANG_ANALYZER_NONNULL = YES;
				CLANG_ANALYZER_NUMBER_OBJECT_CONVERSION = YES_AGGRESSIVE;
				CLANG_CXX_LANGUAGE_STANDARD = "gnu++14";
				CLANG_CXX_LIBRARY = "libc++";
				CLANG_ENABLE_MODULES = YES;
				CLANG_ENABLE_OBJC_ARC = YES;
				CLANG_ENABLE_OBJC_WEAK = YES;
				CLANG_WARN_BLOCK_CAPTURE_AUTORELEASING = YES;
				CLANG_WARN_BOOL_CONVERSION = YES;
				CLANG_WARN_COMMA = YES;
				CLANG_WARN_CONSTANT_CONVERSION = YES;
				CLANG_WARN_DEPRECATED_OBJC_IMPLEMENTATIONS = YES;
				CLANG_WARN_DIRECT_OBJC_ISA_USAGE = YES_ERROR;
				CLANG_WARN_DOCUMENTATION_COMMENTS = YES;
				CLANG_WARN_EMPTY_BODY = YES;
				CLANG_WARN_ENUM_CONVERSION = YES;
				CLANG_WARN_INFINITE_RECURSION = YES;
				CLANG_WARN_INT_CONVERSION = YES;
				CLANG_WARN_NON_LITERAL_NULL_CONVERSION = YES;
				CLANG_WARN_OBJC_IMPLICIT_RETAIN_SELF = YES;
				CLANG_WARN_OBJC_LITERAL_CONVERSION = YES;
				CLANG_WARN_OBJC_ROOT_CLASS = YES_ERROR;
				CLANG_WARN_QUOTED_INCLUDE_IN_FRAMEWORK_HEADER = YES;
				CLANG_WARN_RANGE_LOOP_ANALYSIS = YES;
				CLANG_WARN_STRICT_PROTOTYPES = YES;
				CLANG_WARN_SUSPICIOUS_MOVE = YES;
				CLANG_WARN_UNGUARDED_AVAILABILITY = YES_AGGRESSIVE;
				CLANG_WARN_UNREACHABLE_CODE = YES;
				CLANG_WARN__DUPLICATE_METHOD_MATCH = YES;
				COPY_PHASE_STRIP = NO;
				DEBUG_INFORMATION_FORMAT = "dwarf-with-dsym";
				ENABLE_NS_ASSERTIONS = NO;
				ENABLE_STRICT_OBJC_MSGSEND = YES;
				GCC_C_LANGUAGE_STANDARD = gnu11;
				GCC_NO_COMMON_BLOCKS = YES;
				GCC_WARN_64_TO_32_BIT_CONVERSION = YES;
				GCC_WARN_ABOUT_RETURN_TYPE = YES_ERROR;
				GCC_WARN_UNDECLARED_SELECTOR = YES;
				GCC_WARN_UNINITIALIZED_AUTOS = YES_AGGRESSIVE;
				GCC_WARN_UNUSED_FUNCTION = YES;
				GCC_WARN_UNUSED_VARIABLE = YES;
				IPHONEOS_DEPLOYMENT_TARGET = 14.5;
				MTL_ENABLE_DEBUG_INFO = NO;
				MTL_FAST_MATH = YES;
				SDKROOT = iphoneos;
				SWIFT_COMPILATION_MODE = wholemodule;
				SWIFT_OPTIMIZATION_LEVEL = "-O";
				VALIDATE_PRODUCT = YES;
			};
			name = Release;
		};
		746FEDE426A2E38900960AD9 /* Debug */ = {
			isa = XCBuildConfiguration;
			buildSettings = {
				ASSETCATALOG_COMPILER_APPICON_NAME = AppIcon;
				ASSETCATALOG_COMPILER_GLOBAL_ACCENT_COLOR_NAME = AccentColor;
				CODE_SIGN_STYLE = Automatic;
				DEVELOPMENT_ASSET_PATHS = "\"InfiniteScroll/Preview Content\"";
				DEVELOPMENT_TEAM = 7TD9A665TC;
				ENABLE_PREVIEWS = YES;
				INFOPLIST_FILE = InfiniteScroll/Info.plist;
				IPHONEOS_DEPLOYMENT_TARGET = 14.0;
				LD_RUNPATH_SEARCH_PATHS = (
					"$(inherited)",
					"@executable_path/Frameworks",
				);
				PRODUCT_BUNDLE_IDENTIFIER = com.devian.InfiniteScroll;
				PRODUCT_NAME = "$(TARGET_NAME)";
				SWIFT_VERSION = 5.0;
				TARGETED_DEVICE_FAMILY = "1,2";
			};
			name = Debug;
		};
		746FEDE526A2E38900960AD9 /* Release */ = {
			isa = XCBuildConfiguration;
			buildSettings = {
				ASSETCATALOG_COMPILER_APPICON_NAME = AppIcon;
				ASSETCATALOG_COMPILER_GLOBAL_ACCENT_COLOR_NAME = AccentColor;
				CODE_SIGN_STYLE = Automatic;
				DEVELOPMENT_ASSET_PATHS = "\"InfiniteScroll/Preview Content\"";
				DEVELOPMENT_TEAM = 7TD9A665TC;
				ENABLE_PREVIEWS = YES;
				INFOPLIST_FILE = InfiniteScroll/Info.plist;
				IPHONEOS_DEPLOYMENT_TARGET = 14.0;
				LD_RUNPATH_SEARCH_PATHS = (
					"$(inherited)",
					"@executable_path/Frameworks",
				);
				PRODUCT_BUNDLE_IDENTIFIER = com.devian.InfiniteScroll;
				PRODUCT_NAME = "$(TARGET_NAME)";
				SWIFT_VERSION = 5.0;
				TARGETED_DEVICE_FAMILY = "1,2";
			};
			name = Release;
		};
/* End XCBuildConfiguration section */

/* Begin XCConfigurationList section */
		746FEDCF26A2E38800960AD9 /* Build configuration list for PBXProject "InfiniteScroll" */ = {
			isa = XCConfigurationList;
			buildConfigurations = (
				746FEDE126A2E38900960AD9 /* Debug */,
				746FEDE226A2E38900960AD9 /* Release */,
			);
			defaultConfigurationIsVisible = 0;
			defaultConfigurationName = Release;
		};
		746FEDE326A2E38900960AD9 /* Build configuration list for PBXNativeTarget "InfiniteScroll" */ = {
			isa = XCConfigurationList;
			buildConfigurations = (
				746FEDE426A2E38900960AD9 /* Debug */,
				746FEDE526A2E38900960AD9 /* Release */,
			);
			defaultConfigurationIsVisible = 0;
			defaultConfigurationName = Release;
		};
/* End XCConfigurationList section */
	};
	rootObject = 746FEDCC26A2E38800960AD9 /* Project object */;
}
